// !$*UTF8*$!
{
	archiveVersion = 1;
	classes = {
	};
	objectVersion = 50;
	objects = {

/* Begin PBXBuildFile section */
		C455435A26A3423D0079B1C5 /* AppDelegate.swift in Sources */ = {isa = PBXBuildFile; fileRef = C455435926A3423D0079B1C5 /* AppDelegate.swift */; };
		C455435C26A3423D0079B1C5 /* ViewController.swift in Sources */ = {isa = PBXBuildFile; fileRef = C455435B26A3423D0079B1C5 /* ViewController.swift */; };
		C455435E26A3423E0079B1C5 /* Assets.xcassets in Resources */ = {isa = PBXBuildFile; fileRef = C455435D26A3423E0079B1C5 /* Assets.xcassets */; };
		C455436126A3423E0079B1C5 /* Main.storyboard in Resources */ = {isa = PBXBuildFile; fileRef = C455435F26A3423E0079B1C5 /* Main.storyboard */; };
		C455436D26A3423E0079B1C5 /* UnitTestingTests.swift in Sources */ = {isa = PBXBuildFile; fileRef = C455436C26A3423E0079B1C5 /* UnitTestingTests.swift */; };
		C455437826A3423E0079B1C5 /* UnitTestingUITests.swift in Sources */ = {isa = PBXBuildFile; fileRef = C455437726A3423E0079B1C5 /* UnitTestingUITests.swift */; };
		C455438626A3430B0079B1C5 /* ViewModel.swift in Sources */ = {isa = PBXBuildFile; fileRef = C455438526A3430B0079B1C5 /* ViewModel.swift */; };
		C455438826A343100079B1C5 /* Router.swift in Sources */ = {isa = PBXBuildFile; fileRef = C455438726A343100079B1C5 /* Router.swift */; };
		C455438A26A345240079B1C5 /* NetworkClient.swift in Sources */ = {isa = PBXBuildFile; fileRef = C455438926A345240079B1C5 /* NetworkClient.swift */; };
		C455438E26A34EE20079B1C5 /* ViewModelTests.swift in Sources */ = {isa = PBXBuildFile; fileRef = C455438D26A34EE20079B1C5 /* ViewModelTests.swift */; };
/* End PBXBuildFile section */

/* Begin PBXContainerItemProxy section */
		C455436926A3423E0079B1C5 /* PBXContainerItemProxy */ = {
			isa = PBXContainerItemProxy;
			containerPortal = C455434E26A3423D0079B1C5 /* Project object */;
			proxyType = 1;
			remoteGlobalIDString = C455435526A3423D0079B1C5;
			remoteInfo = UnitTesting;
		};
		C455437426A3423E0079B1C5 /* PBXContainerItemProxy */ = {
			isa = PBXContainerItemProxy;
			containerPortal = C455434E26A3423D0079B1C5 /* Project object */;
			proxyType = 1;
			remoteGlobalIDString = C455435526A3423D0079B1C5;
			remoteInfo = UnitTesting;
		};
/* End PBXContainerItemProxy section */

/* Begin PBXFileReference section */
		C455435626A3423D0079B1C5 /* UnitTesting.app */ = {isa = PBXFileReference; explicitFileType = wrapper.application; includeInIndex = 0; path = UnitTesting.app; sourceTree = BUILT_PRODUCTS_DIR; };
		C455435926A3423D0079B1C5 /* AppDelegate.swift */ = {isa = PBXFileReference; lastKnownFileType = sourcecode.swift; path = AppDelegate.swift; sourceTree = "<group>"; };
		C455435B26A3423D0079B1C5 /* ViewController.swift */ = {isa = PBXFileReference; lastKnownFileType = sourcecode.swift; path = ViewController.swift; sourceTree = "<group>"; };
		C455435D26A3423E0079B1C5 /* Assets.xcassets */ = {isa = PBXFileReference; lastKnownFileType = folder.assetcatalog; path = Assets.xcassets; sourceTree = "<group>"; };
		C455436026A3423E0079B1C5 /* Base */ = {isa = PBXFileReference; lastKnownFileType = file.storyboard; name = Base; path = Base.lproj/Main.storyboard; sourceTree = "<group>"; };
		C455436226A3423E0079B1C5 /* Info.plist */ = {isa = PBXFileReference; lastKnownFileType = text.plist.xml; path = Info.plist; sourceTree = "<group>"; };
		C455436326A3423E0079B1C5 /* UnitTesting.entitlements */ = {isa = PBXFileReference; lastKnownFileType = text.plist.entitlements; path = UnitTesting.entitlements; sourceTree = "<group>"; };
		C455436826A3423E0079B1C5 /* UnitTestingTests.xctest */ = {isa = PBXFileReference; explicitFileType = wrapper.cfbundle; includeInIndex = 0; path = UnitTestingTests.xctest; sourceTree = BUILT_PRODUCTS_DIR; };
		C455436C26A3423E0079B1C5 /* UnitTestingTests.swift */ = {isa = PBXFileReference; lastKnownFileType = sourcecode.swift; path = UnitTestingTests.swift; sourceTree = "<group>"; };
		C455436E26A3423E0079B1C5 /* Info.plist */ = {isa = PBXFileReference; lastKnownFileType = text.plist.xml; path = Info.plist; sourceTree = "<group>"; };
		C455437326A3423E0079B1C5 /* UnitTestingUITests.xctest */ = {isa = PBXFileReference; explicitFileType = wrapper.cfbundle; includeInIndex = 0; path = UnitTestingUITests.xctest; sourceTree = BUILT_PRODUCTS_DIR; };
		C455437726A3423E0079B1C5 /* UnitTestingUITests.swift */ = {isa = PBXFileReference; lastKnownFileType = sourcecode.swift; path = UnitTestingUITests.swift; sourceTree = "<group>"; };
		C455437926A3423E0079B1C5 /* Info.plist */ = {isa = PBXFileReference; lastKnownFileType = text.plist.xml; path = Info.plist; sourceTree = "<group>"; };
		C455438526A3430B0079B1C5 /* ViewModel.swift */ = {isa = PBXFileReference; lastKnownFileType = sourcecode.swift; path = ViewModel.swift; sourceTree = "<group>"; };
		C455438726A343100079B1C5 /* Router.swift */ = {isa = PBXFileReference; lastKnownFileType = sourcecode.swift; path = Router.swift; sourceTree = "<group>"; };
		C455438926A345240079B1C5 /* NetworkClient.swift */ = {isa = PBXFileReference; lastKnownFileType = sourcecode.swift; path = NetworkClient.swift; sourceTree = "<group>"; };
		C455438D26A34EE20079B1C5 /* ViewModelTests.swift */ = {isa = PBXFileReference; lastKnownFileType = sourcecode.swift; path = ViewModelTests.swift; sourceTree = "<group>"; };
/* End PBXFileReference section */

/* Begin PBXFrameworksBuildPhase section */
		C455435326A3423D0079B1C5 /* Frameworks */ = {
			isa = PBXFrameworksBuildPhase;
			buildActionMask = 2147483647;
			files = (
			);
			runOnlyForDeploymentPostprocessing = 0;
		};
		C455436526A3423E0079B1C5 /* Frameworks */ = {
			isa = PBXFrameworksBuildPhase;
			buildActionMask = 2147483647;
			files = (
			);
			runOnlyForDeploymentPostprocessing = 0;
		};
		C455437026A3423E0079B1C5 /* Frameworks */ = {
			isa = PBXFrameworksBuildPhase;
			buildActionMask = 2147483647;
			files = (
			);
			runOnlyForDeploymentPostprocessing = 0;
		};
/* End PBXFrameworksBuildPhase section */

/* Begin PBXGroup section */
		C455434D26A3423D0079B1C5 = {
			isa = PBXGroup;
			children = (
				C455435826A3423D0079B1C5 /* UnitTesting */,
				C455436B26A3423E0079B1C5 /* UnitTestingTests */,
				C455437626A3423E0079B1C5 /* UnitTestingUITests */,
				C455435726A3423D0079B1C5 /* Products */,
			);
			sourceTree = "<group>";
		};
		C455435726A3423D0079B1C5 /* Products */ = {
			isa = PBXGroup;
			children = (
				C455435626A3423D0079B1C5 /* UnitTesting.app */,
				C455436826A3423E0079B1C5 /* UnitTestingTests.xctest */,
				C455437326A3423E0079B1C5 /* UnitTestingUITests.xctest */,
			);
			name = Products;
			sourceTree = "<group>";
		};
		C455435826A3423D0079B1C5 /* UnitTesting */ = {
			isa = PBXGroup;
			children = (
				C455435926A3423D0079B1C5 /* AppDelegate.swift */,
				C455435B26A3423D0079B1C5 /* ViewController.swift */,
				C455438526A3430B0079B1C5 /* ViewModel.swift */,
				C455438926A345240079B1C5 /* NetworkClient.swift */,
				C455438726A343100079B1C5 /* Router.swift */,
				C455435D26A3423E0079B1C5 /* Assets.xcassets */,
				C455435F26A3423E0079B1C5 /* Main.storyboard */,
				C455436226A3423E0079B1C5 /* Info.plist */,
				C455436326A3423E0079B1C5 /* UnitTesting.entitlements */,
			);
			path = UnitTesting;
			sourceTree = "<group>";
		};
		C455436B26A3423E0079B1C5 /* UnitTestingTests */ = {
			isa = PBXGroup;
			children = (
				C455436C26A3423E0079B1C5 /* UnitTestingTests.swift */,
				C455438D26A34EE20079B1C5 /* ViewModelTests.swift */,
				C455436E26A3423E0079B1C5 /* Info.plist */,
			);
			path = UnitTestingTests;
			sourceTree = "<group>";
		};
		C455437626A3423E0079B1C5 /* UnitTestingUITests */ = {
			isa = PBXGroup;
			children = (
				C455437726A3423E0079B1C5 /* UnitTestingUITests.swift */,
				C455437926A3423E0079B1C5 /* Info.plist */,
			);
			path = UnitTestingUITests;
			sourceTree = "<group>";
		};
/* End PBXGroup section */

/* Begin PBXNativeTarget section */
		C455435526A3423D0079B1C5 /* UnitTesting */ = {
			isa = PBXNativeTarget;
			buildConfigurationList = C455437C26A3423E0079B1C5 /* Build configuration list for PBXNativeTarget "UnitTesting" */;
			buildPhases = (
				C455435226A3423D0079B1C5 /* Sources */,
				C455435326A3423D0079B1C5 /* Frameworks */,
				C455435426A3423D0079B1C5 /* Resources */,
			);
			buildRules = (
			);
			dependencies = (
			);
			name = UnitTesting;
			productName = UnitTesting;
			productReference = C455435626A3423D0079B1C5 /* UnitTesting.app */;
			productType = "com.apple.product-type.application";
		};
		C455436726A3423E0079B1C5 /* UnitTestingTests */ = {
			isa = PBXNativeTarget;
			buildConfigurationList = C455437F26A3423E0079B1C5 /* Build configuration list for PBXNativeTarget "UnitTestingTests" */;
			buildPhases = (
				C455436426A3423E0079B1C5 /* Sources */,
				C455436526A3423E0079B1C5 /* Frameworks */,
				C455436626A3423E0079B1C5 /* Resources */,
			);
			buildRules = (
			);
			dependencies = (
				C455436A26A3423E0079B1C5 /* PBXTargetDependency */,
			);
			name = UnitTestingTests;
			productName = UnitTestingTests;
			productReference = C455436826A3423E0079B1C5 /* UnitTestingTests.xctest */;
			productType = "com.apple.product-type.bundle.unit-test";
		};
		C455437226A3423E0079B1C5 /* UnitTestingUITests */ = {
			isa = PBXNativeTarget;
			buildConfigurationList = C455438226A3423E0079B1C5 /* Build configuration list for PBXNativeTarget "UnitTestingUITests" */;
			buildPhases = (
				C455436F26A3423E0079B1C5 /* Sources */,
				C455437026A3423E0079B1C5 /* Frameworks */,
				C455437126A3423E0079B1C5 /* Resources */,
			);
			buildRules = (
			);
			dependencies = (
				C455437526A3423E0079B1C5 /* PBXTargetDependency */,
			);
			name = UnitTestingUITests;
			productName = UnitTestingUITests;
			productReference = C455437326A3423E0079B1C5 /* UnitTestingUITests.xctest */;
			productType = "com.apple.product-type.bundle.ui-testing";
		};
/* End PBXNativeTarget section */

/* Begin PBXProject section */
		C455434E26A3423D0079B1C5 /* Project object */ = {
			isa = PBXProject;
			attributes = {
				LastSwiftUpdateCheck = 1250;
				LastUpgradeCheck = 1250;
				TargetAttributes = {
					C455435526A3423D0079B1C5 = {
						CreatedOnToolsVersion = 12.5.1;
					};
					C455436726A3423E0079B1C5 = {
						CreatedOnToolsVersion = 12.5.1;
						TestTargetID = C455435526A3423D0079B1C5;
					};
					C455437226A3423E0079B1C5 = {
						CreatedOnToolsVersion = 12.5.1;
						TestTargetID = C455435526A3423D0079B1C5;
					};
				};
			};
			buildConfigurationList = C455435126A3423D0079B1C5 /* Build configuration list for PBXProject "UnitTesting" */;
			compatibilityVersion = "Xcode 9.3";
			developmentRegion = en;
			hasScannedForEncodings = 0;
			knownRegions = (
				en,
				Base,
			);
			mainGroup = C455434D26A3423D0079B1C5;
			productRefGroup = C455435726A3423D0079B1C5 /* Products */;
			projectDirPath = "";
			projectRoot = "";
			targets = (
				C455435526A3423D0079B1C5 /* UnitTesting */,
				C455436726A3423E0079B1C5 /* UnitTestingTests */,
				C455437226A3423E0079B1C5 /* UnitTestingUITests */,
			);
		};
/* End PBXProject section */

/* Begin PBXResourcesBuildPhase section */
		C455435426A3423D0079B1C5 /* Resources */ = {
			isa = PBXResourcesBuildPhase;
			buildActionMask = 2147483647;
			files = (
				C455435E26A3423E0079B1C5 /* Assets.xcassets in Resources */,
				C455436126A3423E0079B1C5 /* Main.storyboard in Resources */,
			);
			runOnlyForDeploymentPostprocessing = 0;
		};
		C455436626A3423E0079B1C5 /* Resources */ = {
			isa = PBXResourcesBuildPhase;
			buildActionMask = 2147483647;
			files = (
			);
			runOnlyForDeploymentPostprocessing = 0;
		};
		C455437126A3423E0079B1C5 /* Resources */ = {
			isa = PBXResourcesBuildPhase;
			buildActionMask = 2147483647;
			files = (
			);
			runOnlyForDeploymentPostprocessing = 0;
		};
/* End PBXResourcesBuildPhase section */

/* Begin PBXSourcesBuildPhase section */
		C455435226A3423D0079B1C5 /* Sources */ = {
			isa = PBXSourcesBuildPhase;
			buildActionMask = 2147483647;
			files = (
				C455438826A343100079B1C5 /* Router.swift in Sources */,
				C455438A26A345240079B1C5 /* NetworkClient.swift in Sources */,
				C455435C26A3423D0079B1C5 /* ViewController.swift in Sources */,
				C455438626A3430B0079B1C5 /* ViewModel.swift in Sources */,
				C455435A26A3423D0079B1C5 /* AppDelegate.swift in Sources */,
			);
			runOnlyForDeploymentPostprocessing = 0;
		};
		C455436426A3423E0079B1C5 /* Sources */ = {
			isa = PBXSourcesBuildPhase;
			buildActionMask = 2147483647;
			files = (
				C455438E26A34EE20079B1C5 /* ViewModelTests.swift in Sources */,
				C455436D26A3423E0079B1C5 /* UnitTestingTests.swift in Sources */,
			);
			runOnlyForDeploymentPostprocessing = 0;
		};
		C455436F26A3423E0079B1C5 /* Sources */ = {
			isa = PBXSourcesBuildPhase;
			buildActionMask = 2147483647;
			files = (
				C455437826A3423E0079B1C5 /* UnitTestingUITests.swift in Sources */,
			);
			runOnlyForDeploymentPostprocessing = 0;
		};
/* End PBXSourcesBuildPhase section */

/* Begin PBXTargetDependency section */
		C455436A26A3423E0079B1C5 /* PBXTargetDependency */ = {
			isa = PBXTargetDependency;
			target = C455435526A3423D0079B1C5 /* UnitTesting */;
			targetProxy = C455436926A3423E0079B1C5 /* PBXContainerItemProxy */;
		};
		C455437526A3423E0079B1C5 /* PBXTargetDependency */ = {
			isa = PBXTargetDependency;
			target = C455435526A3423D0079B1C5 /* UnitTesting */;
			targetProxy = C455437426A3423E0079B1C5 /* PBXContainerItemProxy */;
		};
/* End PBXTargetDependency section */

/* Begin PBXVariantGroup section */
		C455435F26A3423E0079B1C5 /* Main.storyboard */ = {
			isa = PBXVariantGroup;
			children = (
				C455436026A3423E0079B1C5 /* Base */,
			);
			name = Main.storyboard;
			sourceTree = "<group>";
		};
/* End PBXVariantGroup section */

/* Begin XCBuildConfiguration section */
		C455437A26A3423E0079B1C5 /* Debug */ = {
			isa = XCBuildConfiguration;
			buildSettings = {
				ALWAYS_SEARCH_USER_PATHS = NO;
				CLANG_ANALYZER_NONNULL = YES;
				CLANG_ANALYZER_NUMBER_OBJECT_CONVERSION = YES_AGGRESSIVE;
				CLANG_CXX_LANGUAGE_STANDARD = "gnu++14";
				CLANG_CXX_LIBRARY = "libc++";
				CLANG_ENABLE_MODULES = YES;
				CLANG_ENABLE_OBJC_ARC = YES;
				CLANG_ENABLE_OBJC_WEAK = YES;
				CLANG_WARN_BLOCK_CAPTURE_AUTORELEASING = YES;
				CLANG_WARN_BOOL_CONVERSION = YES;
				CLANG_WARN_COMMA = YES;
				CLANG_WARN_CONSTANT_CONVERSION = YES;
				CLANG_WARN_DEPRECATED_OBJC_IMPLEMENTATIONS = YES;
				CLANG_WARN_DIRECT_OBJC_ISA_USAGE = YES_ERROR;
				CLANG_WARN_DOCUMENTATION_COMMENTS = YES;
				CLANG_WARN_EMPTY_BODY = YES;
				CLANG_WARN_ENUM_CONVERSION = YES;
				CLANG_WARN_INFINITE_RECURSION = YES;
				CLANG_WARN_INT_CONVERSION = YES;
				CLANG_WARN_NON_LITERAL_NULL_CONVERSION = YES;
				CLANG_WARN_OBJC_IMPLICIT_RETAIN_SELF = YES;
				CLANG_WARN_OBJC_LITERAL_CONVERSION = YES;
				CLANG_WARN_OBJC_ROOT_CLASS = YES_ERROR;
				CLANG_WARN_QUOTED_INCLUDE_IN_FRAMEWORK_HEADER = YES;
				CLANG_WARN_RANGE_LOOP_ANALYSIS = YES;
				CLANG_WARN_STRICT_PROTOTYPES = YES;
				CLANG_WARN_SUSPICIOUS_MOVE = YES;
				CLANG_WARN_UNGUARDED_AVAILABILITY = YES_AGGRESSIVE;
				CLANG_WARN_UNREACHABLE_CODE = YES;
				CLANG_WARN__DUPLICATE_METHOD_MATCH = YES;
				COPY_PHASE_STRIP = NO;
				DEBUG_INFORMATION_FORMAT = dwarf;
				ENABLE_STRICT_OBJC_MSGSEND = YES;
				ENABLE_TESTABILITY = YES;
				GCC_C_LANGUAGE_STANDARD = gnu11;
				GCC_DYNAMIC_NO_PIC = NO;
				GCC_NO_COMMON_BLOCKS = YES;
				GCC_OPTIMIZATION_LEVEL = 0;
				GCC_PREPROCESSOR_DEFINITIONS = (
					"DEBUG=1",
					"$(inherited)",
				);
				GCC_WARN_64_TO_32_BIT_CONVERSION = YES;
				GCC_WARN_ABOUT_RETURN_TYPE = YES_ERROR;
				GCC_WARN_UNDECLARED_SELECTOR = YES;
				GCC_WARN_UNINITIALIZED_AUTOS = YES_AGGRESSIVE;
				GCC_WARN_UNUSED_FUNCTION = YES;
				GCC_WARN_UNUSED_VARIABLE = YES;
				MACOSX_DEPLOYMENT_TARGET = 11.3;
				MTL_ENABLE_DEBUG_INFO = INCLUDE_SOURCE;
				MTL_FAST_MATH = YES;
				ONLY_ACTIVE_ARCH = YES;
				SDKROOT = macosx;
				SWIFT_ACTIVE_COMPILATION_CONDITIONS = DEBUG;
				SWIFT_OPTIMIZATION_LEVEL = "-Onone";
			};
			name = Debug;
		};
		C455437B26A3423E0079B1C5 /* Release */ = {
			isa = XCBuildConfiguration;
			buildSettings = {
				ALWAYS_SEARCH_USER_PATHS = NO;
				CLANG_ANALYZER_NONNULL = YES;
				CLANG_ANALYZER_NUMBER_OBJECT_CONVERSION = YES_AGGRESSIVE;
				CLANG_CXX_LANGUAGE_STANDARD = "gnu++14";
				CLANG_CXX_LIBRARY = "libc++";
				CLANG_ENABLE_MODULES = YES;
				CLANG_ENABLE_OBJC_ARC = YES;
				CLANG_ENABLE_OBJC_WEAK = YES;
				CLANG_WARN_BLOCK_CAPTURE_AUTORELEASING = YES;
				CLANG_WARN_BOOL_CONVERSION = YES;
				CLANG_WARN_COMMA = YES;
				CLANG_WARN_CONSTANT_CONVERSION = YES;
				CLANG_WARN_DEPRECATED_OBJC_IMPLEMENTATIONS = YES;
				CLANG_WARN_DIRECT_OBJC_ISA_USAGE = YES_ERROR;
				CLANG_WARN_DOCUMENTATION_COMMENTS = YES;
				CLANG_WARN_EMPTY_BODY = YES;
				CLANG_WARN_ENUM_CONVERSION = YES;
				CLANG_WARN_INFINITE_RECURSION = YES;
				CLANG_WARN_INT_CONVERSION = YES;
				CLANG_WARN_NON_LITERAL_NULL_CONVERSION = YES;
				CLANG_WARN_OBJC_IMPLICIT_RETAIN_SELF = YES;
				CLANG_WARN_OBJC_LITERAL_CONVERSION = YES;
				CLANG_WARN_OBJC_ROOT_CLASS = YES_ERROR;
				CLANG_WARN_QUOTED_INCLUDE_IN_FRAMEWORK_HEADER = YES;
				CLANG_WARN_RANGE_LOOP_ANALYSIS = YES;
				CLANG_WARN_STRICT_PROTOTYPES = YES;
				CLANG_WARN_SUSPICIOUS_MOVE = YES;
				CLANG_WARN_UNGUARDED_AVAILABILITY = YES_AGGRESSIVE;
				CLANG_WARN_UNREACHABLE_CODE = YES;
				CLANG_WARN__DUPLICATE_METHOD_MATCH = YES;
				COPY_PHASE_STRIP = NO;
				DEBUG_INFORMATION_FORMAT = "dwarf-with-dsym";
				ENABLE_NS_ASSERTIONS = NO;
				ENABLE_STRICT_OBJC_MSGSEND = YES;
				GCC_C_LANGUAGE_STANDARD = gnu11;
				GCC_NO_COMMON_BLOCKS = YES;
				GCC_WARN_64_TO_32_BIT_CONVERSION = YES;
				GCC_WARN_ABOUT_RETURN_TYPE = YES_ERROR;
				GCC_WARN_UNDECLARED_SELECTOR = YES;
				GCC_WARN_UNINITIALIZED_AUTOS = YES_AGGRESSIVE;
				GCC_WARN_UNUSED_FUNCTION = YES;
				GCC_WARN_UNUSED_VARIABLE = YES;
				MACOSX_DEPLOYMENT_TARGET = 11.3;
				MTL_ENABLE_DEBUG_INFO = NO;
				MTL_FAST_MATH = YES;
				SDKROOT = macosx;
				SWIFT_COMPILATION_MODE = wholemodule;
				SWIFT_OPTIMIZATION_LEVEL = "-O";
			};
			name = Release;
		};
		C455437D26A3423E0079B1C5 /* Debug */ = {
			isa = XCBuildConfiguration;
			buildSettings = {
				ASSETCATALOG_COMPILER_APPICON_NAME = AppIcon;
				ASSETCATALOG_COMPILER_GLOBAL_ACCENT_COLOR_NAME = AccentColor;
				CODE_SIGN_ENTITLEMENTS = UnitTesting/UnitTesting.entitlements;
				CODE_SIGN_STYLE = Automatic;
				COMBINE_HIDPI_IMAGES = YES;
				INFOPLIST_FILE = UnitTesting/Info.plist;
				LD_RUNPATH_SEARCH_PATHS = (
					"$(inherited)",
					"@executable_path/../Frameworks",
				);
				PRODUCT_BUNDLE_IDENTIFIER = com.vialyx.UnitTesting;
				PRODUCT_NAME = "$(TARGET_NAME)";
				SWIFT_VERSION = 5.0;
			};
			name = Debug;
		};
		C455437E26A3423E0079B1C5 /* Release */ = {
			isa = XCBuildConfiguration;
			buildSettings = {
				ASSETCATALOG_COMPILER_APPICON_NAME = AppIcon;
				ASSETCATALOG_COMPILER_GLOBAL_ACCENT_COLOR_NAME = AccentColor;
				CODE_SIGN_ENTITLEMENTS = UnitTesting/UnitTesting.entitlements;
				CODE_SIGN_STYLE = Automatic;
				COMBINE_HIDPI_IMAGES = YES;
				INFOPLIST_FILE = UnitTesting/Info.plist;
				LD_RUNPATH_SEARCH_PATHS = (
					"$(inherited)",
					"@executable_path/../Frameworks",
				);
				PRODUCT_BUNDLE_IDENTIFIER = com.vialyx.UnitTesting;
				PRODUCT_NAME = "$(TARGET_NAME)";
				SWIFT_VERSION = 5.0;
			};
			name = Release;
		};
		C455438026A3423E0079B1C5 /* Debug */ = {
			isa = XCBuildConfiguration;
			buildSettings = {
				ALWAYS_EMBED_SWIFT_STANDARD_LIBRARIES = YES;
				BUNDLE_LOADER = "$(TEST_HOST)";
				CODE_SIGN_STYLE = Automatic;
				COMBINE_HIDPI_IMAGES = YES;
				INFOPLIST_FILE = UnitTestingTests/Info.plist;
				LD_RUNPATH_SEARCH_PATHS = (
					"$(inherited)",
					"@executable_path/../Frameworks",
					"@loader_path/../Frameworks",
				);
				MACOSX_DEPLOYMENT_TARGET = 11.3;
				PRODUCT_BUNDLE_IDENTIFIER = com.vialyx.UnitTestingTests;
				PRODUCT_NAME = "$(TARGET_NAME)";
				SWIFT_VERSION = 5.0;
				TEST_HOST = "$(BUILT_PRODUCTS_DIR)/UnitTesting.app/Contents/MacOS/UnitTesting";
			};
			name = Debug;
		};
		C455438126A3423E0079B1C5 /* Release */ = {
			isa = XCBuildConfiguration;
			buildSettings = {
				ALWAYS_EMBED_SWIFT_STANDARD_LIBRARIES = YES;
				BUNDLE_LOADER = "$(TEST_HOST)";
				CODE_SIGN_STYLE = Automatic;
				COMBINE_HIDPI_IMAGES = YES;
				INFOPLIST_FILE = UnitTestingTests/Info.plist;
				LD_RUNPATH_SEARCH_PATHS = (
					"$(inherited)",
					"@executable_path/../Frameworks",
					"@loader_path/../Frameworks",
				);
				MACOSX_DEPLOYMENT_TARGET = 11.3;
				PRODUCT_BUNDLE_IDENTIFIER = com.vialyx.UnitTestingTests;
				PRODUCT_NAME = "$(TARGET_NAME)";
				SWIFT_VERSION = 5.0;
				TEST_HOST = "$(BUILT_PRODUCTS_DIR)/UnitTesting.app/Contents/MacOS/UnitTesting";
			};
			name = Release;
		};
		C455438326A3423E0079B1C5 /* Debug */ = {
			isa = XCBuildConfiguration;
			buildSettings = {
				ALWAYS_EMBED_SWIFT_STANDARD_LIBRARIES = YES;
				CODE_SIGN_STYLE = Automatic;
				COMBINE_HIDPI_IMAGES = YES;
				INFOPLIST_FILE = UnitTestingUITests/Info.plist;
				LD_RUNPATH_SEARCH_PATHS = (
					"$(inherited)",
					"@executable_path/../Frameworks",
					"@loader_path/../Frameworks",
				);
				PRODUCT_BUNDLE_IDENTIFIER = com.vialyx.UnitTestingUITests;
				PRODUCT_NAME = "$(TARGET_NAME)";
				SWIFT_VERSION = 5.0;
				TEST_TARGET_NAME = UnitTesting;
			};
			name = Debug;
		};
		C455438426A3423E0079B1C5 /* Release */ = {
			isa = XCBuildConfiguration;
			buildSettings = {
				ALWAYS_EMBED_SWIFT_STANDARD_LIBRARIES = YES;
				CODE_SIGN_STYLE = Automatic;
				COMBINE_HIDPI_IMAGES = YES;
				INFOPLIST_FILE = UnitTestingUITests/Info.plist;
				LD_RUNPATH_SEARCH_PATHS = (
					"$(inherited)",
					"@executable_path/../Frameworks",
					"@loader_path/../Frameworks",
				);
				PRODUCT_BUNDLE_IDENTIFIER = com.vialyx.UnitTestingUITests;
				PRODUCT_NAME = "$(TARGET_NAME)";
				SWIFT_VERSION = 5.0;
				TEST_TARGET_NAME = UnitTesting;
			};
			name = Release;
		};
/* End XCBuildConfiguration section */

/* Begin XCConfigurationList section */
		C455435126A3423D0079B1C5 /* Build configuration list for PBXProject "UnitTesting" */ = {
			isa = XCConfigurationList;
			buildConfigurations = (
				C455437A26A3423E0079B1C5 /* Debug */,
				C455437B26A3423E0079B1C5 /* Release */,
			);
			defaultConfigurationIsVisible = 0;
			defaultConfigurationName = Release;
		};
		C455437C26A3423E0079B1C5 /* Build configuration list for PBXNativeTarget "UnitTesting" */ = {
			isa = XCConfigurationList;
			buildConfigurations = (
				C455437D26A3423E0079B1C5 /* Debug */,
				C455437E26A3423E0079B1C5 /* Release */,
			);
			defaultConfigurationIsVisible = 0;
			defaultConfigurationName = Release;
		};
		C455437F26A3423E0079B1C5 /* Build configuration list for PBXNativeTarget "UnitTestingTests" */ = {
			isa = XCConfigurationList;
			buildConfigurations = (
				C455438026A3423E0079B1C5 /* Debug */,
				C455438126A3423E0079B1C5 /* Release */,
			);
			defaultConfigurationIsVisible = 0;
			defaultConfigurationName = Release;
		};
		C455438226A3423E0079B1C5 /* Build configuration list for PBXNativeTarget "UnitTestingUITests" */ = {
			isa = XCConfigurationList;
			buildConfigurations = (
				C455438326A3423E0079B1C5 /* Debug */,
				C455438426A3423E0079B1C5 /* Release */,
			);
			defaultConfigurationIsVisible = 0;
			defaultConfigurationName = Release;
		};
/* End XCConfigurationList section */
	};
	rootObject = C455434E26A3423D0079B1C5 /* Project object */;
}
